
Microsoft Visual Studio Solution File, Format Version 12.00
# Visual Studio Version 16
VisualStudioVersion = 16.0.30204.135
MinimumVisualStudioVersion = 10.0.40219.1
Project("{9A19103F-16F7-4668-BE54-9A1E7A4F7556}") = "TwitterReader", "TwitterReader\TwitterReader.csproj", "{FA62455A-D2CD-4088-B287-3497B5A7592C}"
EndProject
Project("{9A19103F-16F7-4668-BE54-9A1E7A4F7556}") = "SentimentClassifier", "SentimentClassifier\SentimentClassifier.csproj", "{96F8432C-C378-4517-AF8F-082E72332D60}"
EndProject
Project("{9A19103F-16F7-4668-BE54-9A1E7A4F7556}") = "SentimentClassifier.Runner", "SentimentClassifier.Runner\SentimentClassifier.Runner.csproj", "{58C052B0-DD15-4342-8247-AF405D9477B4}"
EndProject
Project("{9A19103F-16F7-4668-BE54-9A1E7A4F7556}") = "TweetMiner", "TweetMiner\TweetMiner.csproj", "{BDEEDEE2-DD04-45E2-9761-302BE9156CC0}"
EndProject
Project("{9A19103F-16F7-4668-BE54-9A1E7A4F7556}") = "Twitter", "Twitter\Twitter.csproj", "{D1DD073E-612E-417F-84D4-D5AA29AD3B92}"
EndProject
Project("{FAE04EC0-301F-11D3-BF4B-00C04F79EFBC}") = "StockPriceMiner", "StockPriceMiner\StockPriceMiner.csproj", "{34F450C3-CF05-4D94-86E8-96C3B7625EF8}"
EndProject
Global
	GlobalSection(SolutionConfigurationPlatforms) = preSolution
		Debug|Any CPU = Debug|Any CPU
		Release|Any CPU = Release|Any CPU
	EndGlobalSection
	GlobalSection(ProjectConfigurationPlatforms) = postSolution
		{FA62455A-D2CD-4088-B287-3497B5A7592C}.Debug|Any CPU.ActiveCfg = Debug|Any CPU
		{FA62455A-D2CD-4088-B287-3497B5A7592C}.Debug|Any CPU.Build.0 = Debug|Any CPU
		{FA62455A-D2CD-4088-B287-3497B5A7592C}.Release|Any CPU.ActiveCfg = Release|Any CPU
		{FA62455A-D2CD-4088-B287-3497B5A7592C}.Release|Any CPU.Build.0 = Release|Any CPU
		{96F8432C-C378-4517-AF8F-082E72332D60}.Debug|Any CPU.ActiveCfg = Debug|Any CPU
		{96F8432C-C378-4517-AF8F-082E72332D60}.Debug|Any CPU.Build.0 = Debug|Any CPU
		{96F8432C-C378-4517-AF8F-082E72332D60}.Release|Any CPU.ActiveCfg = Release|Any CPU
		{96F8432C-C378-4517-AF8F-082E72332D60}.Release|Any CPU.Build.0 = Release|Any CPU
		{58C052B0-DD15-4342-8247-AF405D9477B4}.Debug|Any CPU.ActiveCfg = Debug|Any CPU
		{58C052B0-DD15-4342-8247-AF405D9477B4}.Debug|Any CPU.Build.0 = Debug|Any CPU
		{58C052B0-DD15-4342-8247-AF405D9477B4}.Release|Any CPU.ActiveCfg = Release|Any CPU
		{58C052B0-DD15-4342-8247-AF405D9477B4}.Release|Any CPU.Build.0 = Release|Any CPU
		{BDEEDEE2-DD04-45E2-9761-302BE9156CC0}.Debug|Any CPU.ActiveCfg = Debug|Any CPU
		{BDEEDEE2-DD04-45E2-9761-302BE9156CC0}.Debug|Any CPU.Build.0 = Debug|Any CPU
		{BDEEDEE2-DD04-45E2-9761-302BE9156CC0}.Release|Any CPU.ActiveCfg = Release|Any CPU
		{BDEEDEE2-DD04-45E2-9761-302BE9156CC0}.Release|Any CPU.Build.0 = Release|Any CPU
		{D1DD073E-612E-417F-84D4-D5AA29AD3B92}.Debug|Any CPU.ActiveCfg = Debug|Any CPU
		{D1DD073E-612E-417F-84D4-D5AA29AD3B92}.Debug|Any CPU.Build.0 = Debug|Any CPU
		{D1DD073E-612E-417F-84D4-D5AA29AD3B92}.Release|Any CPU.ActiveCfg = Release|Any CPU
		{D1DD073E-612E-417F-84D4-D5AA29AD3B92}.Release|Any CPU.Build.0 = Release|Any CPU
		{34F450C3-CF05-4D94-86E8-96C3B7625EF8}.Debug|Any CPU.ActiveCfg = Debug|Any CPU
		{34F450C3-CF05-4D94-86E8-96C3B7625EF8}.Debug|Any CPU.Build.0 = Debug|Any CPU
		{34F450C3-CF05-4D94-86E8-96C3B7625EF8}.Release|Any CPU.ActiveCfg = Release|Any CPU
		{34F450C3-CF05-4D94-86E8-96C3B7625EF8}.Release|Any CPU.Build.0 = Release|Any CPU
	EndGlobalSection
	GlobalSection(SolutionProperties) = preSolution
		HideSolutionNode = FALSE
	EndGlobalSection
	GlobalSection(ExtensibilityGlobals) = postSolution
		SolutionGuid = {0F5D364F-761D-4C5B-B22E-13BF6E030539}
	EndGlobalSection
EndGlobal
